
Microsoft Visual Studio Solution File, Format Version 12.00
# Visual Studio 15
VisualStudioVersion = 15.0.27703.2018
MinimumVisualStudioVersion = 10.0.40219.1
Project("{FAE04EC0-301F-11D3-BF4B-00C04F79EFBC}") = "WinSpotlightDownloader", "WinSpotlightDownloader\WinSpotlightDownloader.csproj", "{A1F05131-A0CD-4AB0-89B3-F411A09DFCA8}"
EndProject
Global
	GlobalSection(SolutionConfigurationPlatforms) = preSolution
		Debug|Any CPU = Debug|Any CPU
		Release|Any CPU = Release|Any CPU
	EndGlobalSection
	GlobalSection(ProjectConfigurationPlatforms) = postSolution
		{A1F05131-A0CD-4AB0-89B3-F411A09DFCA8}.Debug|Any CPU.ActiveCfg = Debug|Any CPU
		{A1F05131-A0CD-4AB0-89B3-F411A09DFCA8}.Debug|Any CPU.Build.0 = Debug|Any CPU
		{A1F05131-A0CD-4AB0-89B3-F411A09DFCA8}.Release|Any CPU.ActiveCfg = Release|Any CPU
		{A1F05131-A0CD-4AB0-89B3-F411A09DFCA8}.Release|Any CPU.Build.0 = Release|Any CPU
	EndGlobalSection
	GlobalSection(SolutionProperties) = preSolution
		HideSolutionNode = FALSE
	EndGlobalSection
	GlobalSection(ExtensibilityGlobals) = postSolution
		SolutionGuid = {0805460C-E06F-4839-8C8E-1433273DE53F}
	EndGlobalSection
EndGlobal
